
Microsoft Visual Studio Solution File, Format Version 12.00
# Visual Studio Version 17
VisualStudioVersion = 17.11.35327.3
MinimumVisualStudioVersion = 10.0.40219.1
Project("{9A19103F-16F7-4668-BE54-9A1E7A4F7556}") = "HospitalManagment_V2", "HospitalManagment_V2.csproj", "{2FC0726F-DEF7-496E-9F14-FC2886CD17B8}"
EndProject
Global
	GlobalSection(SolutionConfigurationPlatforms) = preSolution
		Debug|Any CPU = Debug|Any CPU
		Release|Any CPU = Release|Any CPU
	EndGlobalSection
	GlobalSection(ProjectConfigurationPlatforms) = postSolution
		{2FC0726F-DEF7-496E-9F14-FC2886CD17B8}.Debug|Any CPU.ActiveCfg = Debug|Any CPU
		{2FC0726F-DEF7-496E-9F14-FC2886CD17B8}.Debug|Any CPU.Build.0 = Debug|Any CPU
		{2FC0726F-DEF7-496E-9F14-FC2886CD17B8}.Release|Any CPU.ActiveCfg = Release|Any CPU
		{2FC0726F-DEF7-496E-9F14-FC2886CD17B8}.Release|Any CPU.Build.0 = Release|Any CPU
	EndGlobalSection
	GlobalSection(SolutionProperties) = preSolution
		HideSolutionNode = FALSE
	EndGlobalSection
	GlobalSection(ExtensibilityGlobals) = postSolution
		SolutionGuid = {7A8E1F95-8167-47C0-A0F8-FEE03575185F}
	EndGlobalSection
EndGlobal
